
Microsoft Visual Studio Solution File, Format Version 12.00
# Visual Studio Version 17
VisualStudioVersion = 17.3.32929.385
MinimumVisualStudioVersion = 10.0.40219.1
Project("{FAE04EC0-301F-11D3-BF4B-00C04F79EFBC}") = "ACGS", "ACGS\ACGS.csproj", "{8762840D-B6D5-42B4-8A2B-310D1A1432FC}"
EndProject
Global
	GlobalSection(SolutionConfigurationPlatforms) = preSolution
		Debug|Any CPU = Debug|Any CPU
		Release|Any CPU = Release|Any CPU
	EndGlobalSection
	GlobalSection(ProjectConfigurationPlatforms) = postSolution
		{8762840D-B6D5-42B4-8A2B-310D1A1432FC}.Debug|Any CPU.ActiveCfg = Debug|Any CPU
		{8762840D-B6D5-42B4-8A2B-310D1A1432FC}.Debug|Any CPU.Build.0 = Debug|Any CPU
		{8762840D-B6D5-42B4-8A2B-310D1A1432FC}.Release|Any CPU.ActiveCfg = Release|Any CPU
		{8762840D-B6D5-42B4-8A2B-310D1A1432FC}.Release|Any CPU.Build.0 = Release|Any CPU
	EndGlobalSection
	GlobalSection(SolutionProperties) = preSolution
		HideSolutionNode = FALSE
	EndGlobalSection
	GlobalSection(ExtensibilityGlobals) = postSolution
		SolutionGuid = {73DC9B5D-D093-419E-A8BB-C81EF3F0960D}
	EndGlobalSection
EndGlobal
